
Microsoft Visual Studio Solution File, Format Version 12.00
# Visual Studio Version 17
VisualStudioVersion = 17.9.34728.123
MinimumVisualStudioVersion = 10.0.40219.1
Project("{FAE04EC0-301F-11D3-BF4B-00C04F79EFBC}") = "LoginSIAS", "LoginSIAS\LoginSIAS.csproj", "{DF1ED187-4F29-449D-837B-B0A061E8D209}"
EndProject
Global
	GlobalSection(SolutionConfigurationPlatforms) = preSolution
		Debug|Any CPU = Debug|Any CPU
		Release|Any CPU = Release|Any CPU
	EndGlobalSection
	GlobalSection(ProjectConfigurationPlatforms) = postSolution
		{DF1ED187-4F29-449D-837B-B0A061E8D209}.Debug|Any CPU.ActiveCfg = Debug|Any CPU
		{DF1ED187-4F29-449D-837B-B0A061E8D209}.Debug|Any CPU.Build.0 = Debug|Any CPU
		{DF1ED187-4F29-449D-837B-B0A061E8D209}.Release|Any CPU.ActiveCfg = Release|Any CPU
		{DF1ED187-4F29-449D-837B-B0A061E8D209}.Release|Any CPU.Build.0 = Release|Any CPU
	EndGlobalSection
	GlobalSection(SolutionProperties) = preSolution
		HideSolutionNode = FALSE
	EndGlobalSection
	GlobalSection(ExtensibilityGlobals) = postSolution
		SolutionGuid = {11152AC3-3CBB-42E0-AFBF-6B8E212C6BDC}
	EndGlobalSection
EndGlobal
